
Microsoft Visual Studio Solution File, Format Version 11.00
# Visual Studio 2010
Project("{8BC9CEB8-8B4A-11D0-8D11-00A0C91BC942}") = "sqlpp", "sqlpp.vcxproj", "{AEA57DF8-C07B-40E6-A97A-14D9F11C0AE7}"
EndProject
Project("{8BC9CEB8-8B4A-11D0-8D11-00A0C91BC942}") = "unittest", "unittest.vcxproj", "{310C6524-3FFB-4F24-87C0-449BA188FF0C}"
EndProject
Global
	GlobalSection(SolutionConfigurationPlatforms) = preSolution
		Debug|Win32 = Debug|Win32
		Release|Win32 = Release|Win32
	EndGlobalSection
	GlobalSection(ProjectConfigurationPlatforms) = postSolution
		{AEA57DF8-C07B-40E6-A97A-14D9F11C0AE7}.Debug|Win32.ActiveCfg = Debug|Win32
		{AEA57DF8-C07B-40E6-A97A-14D9F11C0AE7}.Debug|Win32.Build.0 = Debug|Win32
		{AEA57DF8-C07B-40E6-A97A-14D9F11C0AE7}.Release|Win32.ActiveCfg = Release|Win32
		{AEA57DF8-C07B-40E6-A97A-14D9F11C0AE7}.Release|Win32.Build.0 = Release|Win32
		{310C6524-3FFB-4F24-87C0-449BA188FF0C}.Debug|Win32.ActiveCfg = Debug|Win32
		{310C6524-3FFB-4F24-87C0-449BA188FF0C}.Debug|Win32.Build.0 = Debug|Win32
		{310C6524-3FFB-4F24-87C0-449BA188FF0C}.Release|Win32.ActiveCfg = Release|Win32
		{310C6524-3FFB-4F24-87C0-449BA188FF0C}.Release|Win32.Build.0 = Release|Win32
	EndGlobalSection
	GlobalSection(SolutionProperties) = preSolution
		HideSolutionNode = FALSE
	EndGlobalSection
EndGlobal
